
Microsoft Visual Studio Solution File, Format Version 12.00
# Visual Studio Version 17
VisualStudioVersion = 17.8.34601.278
MinimumVisualStudioVersion = 10.0.40219.1
Project("{9A19103F-16F7-4668-BE54-9A1E7A4F7556}") = "Kakao", "Kakao\Kakao.csproj", "{7B59751A-9F28-4258-A4B0-A09014B484BD}"
EndProject
Project("{9A19103F-16F7-4668-BE54-9A1E7A4F7556}") = "Kakao.Forms", "Kakao.Forms\Kakao.Forms.csproj", "{B8AB2C22-8787-4034-8EA4-EF9DEB07A8CD}"
EndProject
Project("{FAE04EC0-301F-11D3-BF4B-00C04F79EFBC}") = "Kakao.Login", "Kakao.Login\Kakao.Login.csproj", "{92917264-EF4E-496D-AADB-F58C09E00FF2}"
EndProject
Project("{2150E333-8FDC-42A3-9474-1A3956D46DE8}") = "Studio", "Studio", "{E4A425D8-49D7-4139-8FEF-0DCD1F5DCE22}"
EndProject
Project("{2150E333-8FDC-42A3-9474-1A3956D46DE8}") = "Partial", "Partial", "{AB85640A-276A-4A89-9F15-EA569B9F5A58}"
EndProject
Project("{FAE04EC0-301F-11D3-BF4B-00C04F79EFBC}") = "Kakao.Friends", "Kakao.Friends\Kakao.Friends.csproj", "{67E3A780-4E6E-42E5-BFDC-6536453EBF1D}"
EndProject
Project("{2150E333-8FDC-42A3-9474-1A3956D46DE8}") = "Based", "Based", "{BC7C68C7-B1CD-47A8-89D5-914E620F7079}"
EndProject
Project("{FAE04EC0-301F-11D3-BF4B-00C04F79EFBC}") = "Kakao.Core", "Kakao.Core\Kakao.Core.csproj", "{82F928CA-9906-42DF-91B4-435CF9740C4F}"
EndProject
Global
	GlobalSection(SolutionConfigurationPlatforms) = preSolution
		Debug|Any CPU = Debug|Any CPU
		Release|Any CPU = Release|Any CPU
	EndGlobalSection
	GlobalSection(ProjectConfigurationPlatforms) = postSolution
		{7B59751A-9F28-4258-A4B0-A09014B484BD}.Debug|Any CPU.ActiveCfg = Debug|Any CPU
		{7B59751A-9F28-4258-A4B0-A09014B484BD}.Debug|Any CPU.Build.0 = Debug|Any CPU
		{7B59751A-9F28-4258-A4B0-A09014B484BD}.Release|Any CPU.ActiveCfg = Release|Any CPU
		{7B59751A-9F28-4258-A4B0-A09014B484BD}.Release|Any CPU.Build.0 = Release|Any CPU
		{B8AB2C22-8787-4034-8EA4-EF9DEB07A8CD}.Debug|Any CPU.ActiveCfg = Debug|Any CPU
		{B8AB2C22-8787-4034-8EA4-EF9DEB07A8CD}.Debug|Any CPU.Build.0 = Debug|Any CPU
		{B8AB2C22-8787-4034-8EA4-EF9DEB07A8CD}.Release|Any CPU.ActiveCfg = Release|Any CPU
		{B8AB2C22-8787-4034-8EA4-EF9DEB07A8CD}.Release|Any CPU.Build.0 = Release|Any CPU
		{92917264-EF4E-496D-AADB-F58C09E00FF2}.Debug|Any CPU.ActiveCfg = Debug|Any CPU
		{92917264-EF4E-496D-AADB-F58C09E00FF2}.Debug|Any CPU.Build.0 = Debug|Any CPU
		{92917264-EF4E-496D-AADB-F58C09E00FF2}.Release|Any CPU.ActiveCfg = Release|Any CPU
		{92917264-EF4E-496D-AADB-F58C09E00FF2}.Release|Any CPU.Build.0 = Release|Any CPU
		{67E3A780-4E6E-42E5-BFDC-6536453EBF1D}.Debug|Any CPU.ActiveCfg = Debug|Any CPU
		{67E3A780-4E6E-42E5-BFDC-6536453EBF1D}.Debug|Any CPU.Build.0 = Debug|Any CPU
		{67E3A780-4E6E-42E5-BFDC-6536453EBF1D}.Release|Any CPU.ActiveCfg = Release|Any CPU
		{67E3A780-4E6E-42E5-BFDC-6536453EBF1D}.Release|Any CPU.Build.0 = Release|Any CPU
		{82F928CA-9906-42DF-91B4-435CF9740C4F}.Debug|Any CPU.ActiveCfg = Debug|Any CPU
		{82F928CA-9906-42DF-91B4-435CF9740C4F}.Debug|Any CPU.Build.0 = Debug|Any CPU
		{82F928CA-9906-42DF-91B4-435CF9740C4F}.Release|Any CPU.ActiveCfg = Release|Any CPU
		{82F928CA-9906-42DF-91B4-435CF9740C4F}.Release|Any CPU.Build.0 = Release|Any CPU
	EndGlobalSection
	GlobalSection(SolutionProperties) = preSolution
		HideSolutionNode = FALSE
	EndGlobalSection
	GlobalSection(NestedProjects) = preSolution
		{7B59751A-9F28-4258-A4B0-A09014B484BD} = {E4A425D8-49D7-4139-8FEF-0DCD1F5DCE22}
		{B8AB2C22-8787-4034-8EA4-EF9DEB07A8CD} = {AB85640A-276A-4A89-9F15-EA569B9F5A58}
		{92917264-EF4E-496D-AADB-F58C09E00FF2} = {AB85640A-276A-4A89-9F15-EA569B9F5A58}
		{67E3A780-4E6E-42E5-BFDC-6536453EBF1D} = {AB85640A-276A-4A89-9F15-EA569B9F5A58}
		{82F928CA-9906-42DF-91B4-435CF9740C4F} = {BC7C68C7-B1CD-47A8-89D5-914E620F7079}
	EndGlobalSection
	GlobalSection(ExtensibilityGlobals) = postSolution
		SolutionGuid = {A5DE8626-AC6C-4FEE-8A0E-AA6F26D22B8A}
	EndGlobalSection
EndGlobal
